
Microsoft Visual Studio Solution File, Format Version 12.00
# Visual Studio Version 16
VisualStudioVersion = 16.0.31129.286
MinimumVisualStudioVersion = 10.0.40219.1
Project("{FAE04EC0-301F-11D3-BF4B-00C04F79EFBC}") = "Hugo_LAND.WCF", "TP3Hugo-Land.WCF\Hugo_LAND.WCF.csproj", "{F028A673-E3D6-475C-A065-E4B4AD9B0D62}"
EndProject
Project("{9A19103F-16F7-4668-BE54-9A1E7A4F7556}") = "Hugo_LAND.Console", "Hugo LAND\Hugo_LAND.Console.csproj", "{BF159608-BEDD-408D-9639-F6FE0C7E871B}"
EndProject
Project("{FAE04EC0-301F-11D3-BF4B-00C04F79EFBC}") = "Hugo_LAND.Core", "Hugo LAND.Core\Hugo_LAND.Core.csproj", "{4B9A1C87-90F3-43AF-953F-0C74E408955C}"
EndProject
Project("{FAE04EC0-301F-11D3-BF4B-00C04F79EFBC}") = "Hugo_LAND.Client", "HugoLand.Client\Hugo_LAND.Client.csproj", "{306074A2-7150-43EB-8A5A-84E8ED210502}"
EndProject
Global
	GlobalSection(SolutionConfigurationPlatforms) = preSolution
		Debug|Any CPU = Debug|Any CPU
		Release|Any CPU = Release|Any CPU
	EndGlobalSection
	GlobalSection(ProjectConfigurationPlatforms) = postSolution
		{F028A673-E3D6-475C-A065-E4B4AD9B0D62}.Debug|Any CPU.ActiveCfg = Debug|Any CPU
		{F028A673-E3D6-475C-A065-E4B4AD9B0D62}.Debug|Any CPU.Build.0 = Debug|Any CPU
		{F028A673-E3D6-475C-A065-E4B4AD9B0D62}.Release|Any CPU.ActiveCfg = Release|Any CPU
		{F028A673-E3D6-475C-A065-E4B4AD9B0D62}.Release|Any CPU.Build.0 = Release|Any CPU
		{BF159608-BEDD-408D-9639-F6FE0C7E871B}.Debug|Any CPU.ActiveCfg = Debug|Any CPU
		{BF159608-BEDD-408D-9639-F6FE0C7E871B}.Debug|Any CPU.Build.0 = Debug|Any CPU
		{BF159608-BEDD-408D-9639-F6FE0C7E871B}.Release|Any CPU.ActiveCfg = Release|Any CPU
		{BF159608-BEDD-408D-9639-F6FE0C7E871B}.Release|Any CPU.Build.0 = Release|Any CPU
		{4B9A1C87-90F3-43AF-953F-0C74E408955C}.Debug|Any CPU.ActiveCfg = Debug|Any CPU
		{4B9A1C87-90F3-43AF-953F-0C74E408955C}.Debug|Any CPU.Build.0 = Debug|Any CPU
		{4B9A1C87-90F3-43AF-953F-0C74E408955C}.Release|Any CPU.ActiveCfg = Release|Any CPU
		{4B9A1C87-90F3-43AF-953F-0C74E408955C}.Release|Any CPU.Build.0 = Release|Any CPU
		{306074A2-7150-43EB-8A5A-84E8ED210502}.Debug|Any CPU.ActiveCfg = Debug|Any CPU
		{306074A2-7150-43EB-8A5A-84E8ED210502}.Debug|Any CPU.Build.0 = Debug|Any CPU
		{306074A2-7150-43EB-8A5A-84E8ED210502}.Release|Any CPU.ActiveCfg = Release|Any CPU
		{306074A2-7150-43EB-8A5A-84E8ED210502}.Release|Any CPU.Build.0 = Release|Any CPU
	EndGlobalSection
	GlobalSection(SolutionProperties) = preSolution
		HideSolutionNode = FALSE
	EndGlobalSection
	GlobalSection(ExtensibilityGlobals) = postSolution
		SolutionGuid = {D4C1277F-5FB0-44CA-82B6-F4BE55F72C18}
	EndGlobalSection
EndGlobal
